// !$*UTF8*$!
{
	archiveVersion = 1;
	classes = {
	};
	objectVersion = 56;
	objects = {

/* Begin PBXBuildFile section */
		0844DD472DD36BF200337669 /* GoogleService-Info.plist in Resources */ = {isa = PBXBuildFile; fileRef = 0844DD462DD36BF200337669 /* GoogleService-Info.plist */; };
		0844DD7B2DD380DE00337669 /* FirebaseAuth in Frameworks */ = {isa = PBXBuildFile; productRef = 0844DD7A2DD380DE00337669 /* FirebaseAuth */; };
		0844DD7D2DD380DE00337669 /* FirebaseDatabase in Frameworks */ = {isa = PBXBuildFile; productRef = 0844DD7C2DD380DE00337669 /* FirebaseDatabase */; };
		0844DD7F2DD380DE00337669 /* FirebaseFirestore in Frameworks */ = {isa = PBXBuildFile; productRef = 0844DD7E2DD380DE00337669 /* FirebaseFirestore */; };
		0844DD832DD3F0AB00337669 /* AuthModel.swift in Sources */ = {isa = PBXBuildFile; fileRef = 0844DD822DD3F0AB00337669 /* AuthModel.swift */; };
		0844DD852DD3F19A00337669 /* AppViewModel.swift in Sources */ = {isa = PBXBuildFile; fileRef = 0844DD842DD3F19A00337669 /* AppViewModel.swift */; };
		0844DD872DD3F3E800337669 /* AuthViewModel.swift in Sources */ = {isa = PBXBuildFile; fileRef = 0844DD862DD3F3E800337669 /* AuthViewModel.swift */; };
		08B9BD4D2DD2250F0076455D /* AuthenticationTemplate.swift in Sources */ = {isa = PBXBuildFile; fileRef = 08B9BD4C2DD2250F0076455D /* AuthenticationTemplate.swift */; };
		08E9F88B2DD1FFCB007AA7EA /* RecipeAppApp.swift in Sources */ = {isa = PBXBuildFile; fileRef = 08E9F88A2DD1FFCB007AA7EA /* RecipeAppApp.swift */; };
		08E9F88D2DD1FFCB007AA7EA /* AddRecipe.swift in Sources */ = {isa = PBXBuildFile; fileRef = 08E9F88C2DD1FFCB007AA7EA /* AddRecipe.swift */; };
		08E9F88F2DD1FFCD007AA7EA /* Assets.xcassets in Resources */ = {isa = PBXBuildFile; fileRef = 08E9F88E2DD1FFCD007AA7EA /* Assets.xcassets */; };
		08E9F8932DD1FFCD007AA7EA /* Preview Assets.xcassets in Resources */ = {isa = PBXBuildFile; fileRef = 08E9F8922DD1FFCD007AA7EA /* Preview Assets.xcassets */; };
		08E9F89D2DD1FFCD007AA7EA /* RecipeAppTests.swift in Sources */ = {isa = PBXBuildFile; fileRef = 08E9F89C2DD1FFCD007AA7EA /* RecipeAppTests.swift */; };
		08E9F8A72DD1FFCD007AA7EA /* RecipeAppUITests.swift in Sources */ = {isa = PBXBuildFile; fileRef = 08E9F8A62DD1FFCD007AA7EA /* RecipeAppUITests.swift */; };
		08E9F8A92DD1FFCD007AA7EA /* RecipeAppUITestsLaunchTests.swift in Sources */ = {isa = PBXBuildFile; fileRef = 08E9F8A82DD1FFCD007AA7EA /* RecipeAppUITestsLaunchTests.swift */; };
		08E9F8B62DD2003C007AA7EA /* TabView.swift in Sources */ = {isa = PBXBuildFile; fileRef = 08E9F8B52DD2003C007AA7EA /* TabView.swift */; };
		08E9F8BA2DD202E0007AA7EA /* ViewRecipe.swift in Sources */ = {isa = PBXBuildFile; fileRef = 08E9F8B92DD202E0007AA7EA /* ViewRecipe.swift */; };
		08E9F8BC2DD20383007AA7EA /* RecipeBooks.swift in Sources */ = {isa = PBXBuildFile; fileRef = 08E9F8BB2DD20383007AA7EA /* RecipeBooks.swift */; };
		08E9F8BE2DD204CE007AA7EA /* Login.swift in Sources */ = {isa = PBXBuildFile; fileRef = 08E9F8BD2DD204CE007AA7EA /* Login.swift */; };
		08E9F8C02DD204DC007AA7EA /* Signup.swift in Sources */ = {isa = PBXBuildFile; fileRef = 08E9F8BF2DD204DC007AA7EA /* Signup.swift */; };
		08E9F8C22DD207BD007AA7EA /* TextFieldTemplate.swift in Sources */ = {isa = PBXBuildFile; fileRef = 08E9F8C12DD207BD007AA7EA /* TextFieldTemplate.swift */; };
/* End PBXBuildFile section */

/* Begin PBXContainerItemProxy section */
		08E9F8992DD1FFCD007AA7EA /* PBXContainerItemProxy */ = {
			isa = PBXContainerItemProxy;
			containerPortal = 08E9F87F2DD1FFCB007AA7EA /* Project object */;
			proxyType = 1;
			remoteGlobalIDString = 08E9F8862DD1FFCB007AA7EA;
			remoteInfo = RecipeApp;
		};
		08E9F8A32DD1FFCD007AA7EA /* PBXContainerItemProxy */ = {
			isa = PBXContainerItemProxy;
			containerPortal = 08E9F87F2DD1FFCB007AA7EA /* Project object */;
			proxyType = 1;
			remoteGlobalIDString = 08E9F8862DD1FFCB007AA7EA;
			remoteInfo = RecipeApp;
		};
/* End PBXContainerItemProxy section */

/* Begin PBXFileReference section */
		0844DD462DD36BF200337669 /* GoogleService-Info.plist */ = {isa = PBXFileReference; fileEncoding = 4; lastKnownFileType = text.plist.xml; path = "GoogleService-Info.plist"; sourceTree = "<group>"; };
		0844DD822DD3F0AB00337669 /* AuthModel.swift */ = {isa = PBXFileReference; lastKnownFileType = sourcecode.swift; path = AuthModel.swift; sourceTree = "<group>"; };
		0844DD842DD3F19A00337669 /* AppViewModel.swift */ = {isa = PBXFileReference; lastKnownFileType = sourcecode.swift; path = AppViewModel.swift; sourceTree = "<group>"; };
		0844DD862DD3F3E800337669 /* AuthViewModel.swift */ = {isa = PBXFileReference; lastKnownFileType = sourcecode.swift; path = AuthViewModel.swift; sourceTree = "<group>"; };
		08B9BD4C2DD2250F0076455D /* AuthenticationTemplate.swift */ = {isa = PBXFileReference; lastKnownFileType = sourcecode.swift; path = AuthenticationTemplate.swift; sourceTree = "<group>"; };
		08E9F8872DD1FFCB007AA7EA /* RecipeApp.app */ = {isa = PBXFileReference; explicitFileType = wrapper.application; includeInIndex = 0; path = RecipeApp.app; sourceTree = BUILT_PRODUCTS_DIR; };
		08E9F88A2DD1FFCB007AA7EA /* RecipeAppApp.swift */ = {isa = PBXFileReference; lastKnownFileType = sourcecode.swift; path = RecipeAppApp.swift; sourceTree = "<group>"; };
		08E9F88C2DD1FFCB007AA7EA /* AddRecipe.swift */ = {isa = PBXFileReference; lastKnownFileType = sourcecode.swift; path = AddRecipe.swift; sourceTree = "<group>"; };
		08E9F88E2DD1FFCD007AA7EA /* Assets.xcassets */ = {isa = PBXFileReference; lastKnownFileType = folder.assetcatalog; path = Assets.xcassets; sourceTree = "<group>"; };
		08E9F8902DD1FFCD007AA7EA /* RecipeApp.entitlements */ = {isa = PBXFileReference; lastKnownFileType = text.plist.entitlements; path = RecipeApp.entitlements; sourceTree = "<group>"; };
		08E9F8922DD1FFCD007AA7EA /* Preview Assets.xcassets */ = {isa = PBXFileReference; lastKnownFileType = folder.assetcatalog; path = "Preview Assets.xcassets"; sourceTree = "<group>"; };
		08E9F8982DD1FFCD007AA7EA /* RecipeAppTests.xctest */ = {isa = PBXFileReference; explicitFileType = wrapper.cfbundle; includeInIndex = 0; path = RecipeAppTests.xctest; sourceTree = BUILT_PRODUCTS_DIR; };
		08E9F89C2DD1FFCD007AA7EA /* RecipeAppTests.swift */ = {isa = PBXFileReference; lastKnownFileType = sourcecode.swift; path = RecipeAppTests.swift; sourceTree = "<group>"; };
		08E9F8A22DD1FFCD007AA7EA /* RecipeAppUITests.xctest */ = {isa = PBXFileReference; explicitFileType = wrapper.cfbundle; includeInIndex = 0; path = RecipeAppUITests.xctest; sourceTree = BUILT_PRODUCTS_DIR; };
		08E9F8A62DD1FFCD007AA7EA /* RecipeAppUITests.swift */ = {isa = PBXFileReference; lastKnownFileType = sourcecode.swift; path = RecipeAppUITests.swift; sourceTree = "<group>"; };
		08E9F8A82DD1FFCD007AA7EA /* RecipeAppUITestsLaunchTests.swift */ = {isa = PBXFileReference; lastKnownFileType = sourcecode.swift; path = RecipeAppUITestsLaunchTests.swift; sourceTree = "<group>"; };
		08E9F8B52DD2003C007AA7EA /* TabView.swift */ = {isa = PBXFileReference; lastKnownFileType = sourcecode.swift; path = TabView.swift; sourceTree = "<group>"; };
		08E9F8B92DD202E0007AA7EA /* ViewRecipe.swift */ = {isa = PBXFileReference; lastKnownFileType = sourcecode.swift; path = ViewRecipe.swift; sourceTree = "<group>"; };
		08E9F8BB2DD20383007AA7EA /* RecipeBooks.swift */ = {isa = PBXFileReference; lastKnownFileType = sourcecode.swift; path = RecipeBooks.swift; sourceTree = "<group>"; };
		08E9F8BD2DD204CE007AA7EA /* Login.swift */ = {isa = PBXFileReference; lastKnownFileType = sourcecode.swift; path = Login.swift; sourceTree = "<group>"; };
		08E9F8BF2DD204DC007AA7EA /* Signup.swift */ = {isa = PBXFileReference; lastKnownFileType = sourcecode.swift; path = Signup.swift; sourceTree = "<group>"; };
		08E9F8C12DD207BD007AA7EA /* TextFieldTemplate.swift */ = {isa = PBXFileReference; lastKnownFileType = sourcecode.swift; path = TextFieldTemplate.swift; sourceTree = "<group>"; };
/* End PBXFileReference section */

/* Begin PBXFrameworksBuildPhase section */
		08E9F8842DD1FFCB007AA7EA /* Frameworks */ = {
			isa = PBXFrameworksBuildPhase;
			buildActionMask = 2147483647;
			files = (
				0844DD7D2DD380DE00337669 /* FirebaseDatabase in Frameworks */,
				0844DD7B2DD380DE00337669 /* FirebaseAuth in Frameworks */,
				0844DD7F2DD380DE00337669 /* FirebaseFirestore in Frameworks */,
			);
			runOnlyForDeploymentPostprocessing = 0;
		};
		08E9F8952DD1FFCD007AA7EA /* Frameworks */ = {
			isa = PBXFrameworksBuildPhase;
			buildActionMask = 2147483647;
			files = (
			);
			runOnlyForDeploymentPostprocessing = 0;
		};
		08E9F89F2DD1FFCD007AA7EA /* Frameworks */ = {
			isa = PBXFrameworksBuildPhase;
			buildActionMask = 2147483647;
			files = (
			);
			runOnlyForDeploymentPostprocessing = 0;
		};
/* End PBXFrameworksBuildPhase section */

/* Begin PBXGroup section */
		0844DD792DD380DE00337669 /* Frameworks */ = {
			isa = PBXGroup;
			children = (
			);
			name = Frameworks;
			sourceTree = "<group>";
		};
		08E9F87E2DD1FFCB007AA7EA = {
			isa = PBXGroup;
			children = (
				0844DD462DD36BF200337669 /* GoogleService-Info.plist */,
				08E9F8892DD1FFCB007AA7EA /* RecipeApp */,
				08E9F89B2DD1FFCD007AA7EA /* RecipeAppTests */,
				08E9F8A52DD1FFCD007AA7EA /* RecipeAppUITests */,
				08E9F8882DD1FFCB007AA7EA /* Products */,
				0844DD792DD380DE00337669 /* Frameworks */,
			);
			sourceTree = "<group>";
		};
		08E9F8882DD1FFCB007AA7EA /* Products */ = {
			isa = PBXGroup;
			children = (
				08E9F8872DD1FFCB007AA7EA /* RecipeApp.app */,
				08E9F8982DD1FFCD007AA7EA /* RecipeAppTests.xctest */,
				08E9F8A22DD1FFCD007AA7EA /* RecipeAppUITests.xctest */,
			);
			name = Products;
			sourceTree = "<group>";
		};
		08E9F8892DD1FFCB007AA7EA /* RecipeApp */ = {
			isa = PBXGroup;
			children = (
				08E9F88A2DD1FFCB007AA7EA /* RecipeAppApp.swift */,
				08E9F8C12DD207BD007AA7EA /* TextFieldTemplate.swift */,
				08E9F88C2DD1FFCB007AA7EA /* AddRecipe.swift */,
				08E9F8B52DD2003C007AA7EA /* TabView.swift */,
				08E9F8B92DD202E0007AA7EA /* ViewRecipe.swift */,
				08E9F8BB2DD20383007AA7EA /* RecipeBooks.swift */,
				08E9F8BD2DD204CE007AA7EA /* Login.swift */,
				08E9F8BF2DD204DC007AA7EA /* Signup.swift */,
				08B9BD4C2DD2250F0076455D /* AuthenticationTemplate.swift */,
				0844DD822DD3F0AB00337669 /* AuthModel.swift */,
				0844DD842DD3F19A00337669 /* AppViewModel.swift */,
				0844DD862DD3F3E800337669 /* AuthViewModel.swift */,
				08E9F88E2DD1FFCD007AA7EA /* Assets.xcassets */,
				08E9F8902DD1FFCD007AA7EA /* RecipeApp.entitlements */,
				08E9F8912DD1FFCD007AA7EA /* Preview Content */,
			);
			path = RecipeApp;
			sourceTree = "<group>";
		};
		08E9F8912DD1FFCD007AA7EA /* Preview Content */ = {
			isa = PBXGroup;
			children = (
				08E9F8922DD1FFCD007AA7EA /* Preview Assets.xcassets */,
			);
			path = "Preview Content";
			sourceTree = "<group>";
		};
		08E9F89B2DD1FFCD007AA7EA /* RecipeAppTests */ = {
			isa = PBXGroup;
			children = (
				08E9F89C2DD1FFCD007AA7EA /* RecipeAppTests.swift */,
			);
			path = RecipeAppTests;
			sourceTree = "<group>";
		};
		08E9F8A52DD1FFCD007AA7EA /* RecipeAppUITests */ = {
			isa = PBXGroup;
			children = (
				08E9F8A62DD1FFCD007AA7EA /* RecipeAppUITests.swift */,
				08E9F8A82DD1FFCD007AA7EA /* RecipeAppUITestsLaunchTests.swift */,
			);
			path = RecipeAppUITests;
			sourceTree = "<group>";
		};
/* End PBXGroup section */

/* Begin PBXNativeTarget section */
		08E9F8862DD1FFCB007AA7EA /* RecipeApp */ = {
			isa = PBXNativeTarget;
			buildConfigurationList = 08E9F8AC2DD1FFCD007AA7EA /* Build configuration list for PBXNativeTarget "RecipeApp" */;
			buildPhases = (
				08E9F8832DD1FFCB007AA7EA /* Sources */,
				08E9F8842DD1FFCB007AA7EA /* Frameworks */,
				08E9F8852DD1FFCB007AA7EA /* Resources */,
			);
			buildRules = (
			);
			dependencies = (
			);
			name = RecipeApp;
			packageProductDependencies = (
				0844DD7A2DD380DE00337669 /* FirebaseAuth */,
				0844DD7C2DD380DE00337669 /* FirebaseDatabase */,
				0844DD7E2DD380DE00337669 /* FirebaseFirestore */,
			);
			productName = RecipeApp;
			productReference = 08E9F8872DD1FFCB007AA7EA /* RecipeApp.app */;
			productType = "com.apple.product-type.application";
		};
		08E9F8972DD1FFCD007AA7EA /* RecipeAppTests */ = {
			isa = PBXNativeTarget;
			buildConfigurationList = 08E9F8AF2DD1FFCD007AA7EA /* Build configuration list for PBXNativeTarget "RecipeAppTests" */;
			buildPhases = (
				08E9F8942DD1FFCD007AA7EA /* Sources */,
				08E9F8952DD1FFCD007AA7EA /* Frameworks */,
				08E9F8962DD1FFCD007AA7EA /* Resources */,
			);
			buildRules = (
			);
			dependencies = (
				08E9F89A2DD1FFCD007AA7EA /* PBXTargetDependency */,
			);
			name = RecipeAppTests;
			productName = RecipeAppTests;
			productReference = 08E9F8982DD1FFCD007AA7EA /* RecipeAppTests.xctest */;
			productType = "com.apple.product-type.bundle.unit-test";
		};
		08E9F8A12DD1FFCD007AA7EA /* RecipeAppUITests */ = {
			isa = PBXNativeTarget;
			buildConfigurationList = 08E9F8B22DD1FFCD007AA7EA /* Build configuration list for PBXNativeTarget "RecipeAppUITests" */;
			buildPhases = (
				08E9F89E2DD1FFCD007AA7EA /* Sources */,
				08E9F89F2DD1FFCD007AA7EA /* Frameworks */,
				08E9F8A02DD1FFCD007AA7EA /* Resources */,
			);
			buildRules = (
			);
			dependencies = (
				08E9F8A42DD1FFCD007AA7EA /* PBXTargetDependency */,
			);
			name = RecipeAppUITests;
			productName = RecipeAppUITests;
			productReference = 08E9F8A22DD1FFCD007AA7EA /* RecipeAppUITests.xctest */;
			productType = "com.apple.product-type.bundle.ui-testing";
		};
/* End PBXNativeTarget section */

/* Begin PBXProject section */
		08E9F87F2DD1FFCB007AA7EA /* Project object */ = {
			isa = PBXProject;
			attributes = {
				BuildIndependentTargetsInParallel = 1;
				LastSwiftUpdateCheck = 1540;
				LastUpgradeCheck = 1540;
				TargetAttributes = {
					08E9F8862DD1FFCB007AA7EA = {
						CreatedOnToolsVersion = 15.4;
					};
					08E9F8972DD1FFCD007AA7EA = {
						CreatedOnToolsVersion = 15.4;
						TestTargetID = 08E9F8862DD1FFCB007AA7EA;
					};
					08E9F8A12DD1FFCD007AA7EA = {
						CreatedOnToolsVersion = 15.4;
						TestTargetID = 08E9F8862DD1FFCB007AA7EA;
					};
				};
			};
			buildConfigurationList = 08E9F8822DD1FFCB007AA7EA /* Build configuration list for PBXProject "RecipeApp" */;
			compatibilityVersion = "Xcode 14.0";
			developmentRegion = en;
			hasScannedForEncodings = 0;
			knownRegions = (
				en,
				Base,
			);
			mainGroup = 08E9F87E2DD1FFCB007AA7EA;
			packageReferences = (
				0844DD482DD36E2200337669 /* XCRemoteSwiftPackageReference "firebase-ios-sdk" */,
			);
			productRefGroup = 08E9F8882DD1FFCB007AA7EA /* Products */;
			projectDirPath = "";
			projectRoot = "";
			targets = (
				08E9F8862DD1FFCB007AA7EA /* RecipeApp */,
				08E9F8972DD1FFCD007AA7EA /* RecipeAppTests */,
				08E9F8A12DD1FFCD007AA7EA /* RecipeAppUITests */,
			);
		};
/* End PBXProject section */

/* Begin PBXResourcesBuildPhase section */
		08E9F8852DD1FFCB007AA7EA /* Resources */ = {
			isa = PBXResourcesBuildPhase;
			buildActionMask = 2147483647;
			files = (
				08E9F8932DD1FFCD007AA7EA /* Preview Assets.xcassets in Resources */,
				08E9F88F2DD1FFCD007AA7EA /* Assets.xcassets in Resources */,
				0844DD472DD36BF200337669 /* GoogleService-Info.plist in Resources */,
			);
			runOnlyForDeploymentPostprocessing = 0;
		};
		08E9F8962DD1FFCD007AA7EA /* Resources */ = {
			isa = PBXResourcesBuildPhase;
			buildActionMask = 2147483647;
			files = (
			);
			runOnlyForDeploymentPostprocessing = 0;
		};
		08E9F8A02DD1FFCD007AA7EA /* Resources */ = {
			isa = PBXResourcesBuildPhase;
			buildActionMask = 2147483647;
			files = (
			);
			runOnlyForDeploymentPostprocessing = 0;
		};
/* End PBXResourcesBuildPhase section */

/* Begin PBXSourcesBuildPhase section */
		08E9F8832DD1FFCB007AA7EA /* Sources */ = {
			isa = PBXSourcesBuildPhase;
			buildActionMask = 2147483647;
			files = (
				08E9F8C02DD204DC007AA7EA /* Signup.swift in Sources */,
				08E9F88D2DD1FFCB007AA7EA /* AddRecipe.swift in Sources */,
				08E9F8B62DD2003C007AA7EA /* TabView.swift in Sources */,
				08B9BD4D2DD2250F0076455D /* AuthenticationTemplate.swift in Sources */,
				08E9F8BA2DD202E0007AA7EA /* ViewRecipe.swift in Sources */,
				08E9F8BE2DD204CE007AA7EA /* Login.swift in Sources */,
				08E9F88B2DD1FFCB007AA7EA /* RecipeAppApp.swift in Sources */,
				08E9F8BC2DD20383007AA7EA /* RecipeBooks.swift in Sources */,
				0844DD872DD3F3E800337669 /* AuthViewModel.swift in Sources */,
				0844DD852DD3F19A00337669 /* AppViewModel.swift in Sources */,
				08E9F8C22DD207BD007AA7EA /* TextFieldTemplate.swift in Sources */,
				0844DD832DD3F0AB00337669 /* AuthModel.swift in Sources */,
			);
			runOnlyForDeploymentPostprocessing = 0;
		};
		08E9F8942DD1FFCD007AA7EA /* Sources */ = {
			isa = PBXSourcesBuildPhase;
			buildActionMask = 2147483647;
			files = (
				08E9F89D2DD1FFCD007AA7EA /* RecipeAppTests.swift in Sources */,
			);
			runOnlyForDeploymentPostprocessing = 0;
		};
		08E9F89E2DD1FFCD007AA7EA /* Sources */ = {
			isa = PBXSourcesBuildPhase;
			buildActionMask = 2147483647;
			files = (
				08E9F8A92DD1FFCD007AA7EA /* RecipeAppUITestsLaunchTests.swift in Sources */,
				08E9F8A72DD1FFCD007AA7EA /* RecipeAppUITests.swift in Sources */,
			);
			runOnlyForDeploymentPostprocessing = 0;
		};
/* End PBXSourcesBuildPhase section */

/* Begin PBXTargetDependency section */
		08E9F89A2DD1FFCD007AA7EA /* PBXTargetDependency */ = {
			isa = PBXTargetDependency;
			target = 08E9F8862DD1FFCB007AA7EA /* RecipeApp */;
			targetProxy = 08E9F8992DD1FFCD007AA7EA /* PBXContainerItemProxy */;
		};
		08E9F8A42DD1FFCD007AA7EA /* PBXTargetDependency */ = {
			isa = PBXTargetDependency;
			target = 08E9F8862DD1FFCB007AA7EA /* RecipeApp */;
			targetProxy = 08E9F8A32DD1FFCD007AA7EA /* PBXContainerItemProxy */;
		};
/* End PBXTargetDependency section */

/* Begin XCBuildConfiguration section */
		08E9F8AA2DD1FFCD007AA7EA /* Debug */ = {
			isa = XCBuildConfiguration;
			buildSettings = {
				ALWAYS_SEARCH_USER_PATHS = NO;
				ASSETCATALOG_COMPILER_GENERATE_SWIFT_ASSET_SYMBOL_EXTENSIONS = YES;
				CLANG_ANALYZER_NONNULL = YES;
				CLANG_ANALYZER_NUMBER_OBJECT_CONVERSION = YES_AGGRESSIVE;
				CLANG_CXX_LANGUAGE_STANDARD = "gnu++20";
				CLANG_ENABLE_MODULES = YES;
				CLANG_ENABLE_OBJC_ARC = YES;
				CLANG_ENABLE_OBJC_WEAK = YES;
				CLANG_WARN_BLOCK_CAPTURE_AUTORELEASING = YES;
				CLANG_WARN_BOOL_CONVERSION = YES;
				CLANG_WARN_COMMA = YES;
				CLANG_WARN_CONSTANT_CONVERSION = YES;
				CLANG_WARN_DEPRECATED_OBJC_IMPLEMENTATIONS = YES;
				CLANG_WARN_DIRECT_OBJC_ISA_USAGE = YES_ERROR;
				CLANG_WARN_DOCUMENTATION_COMMENTS = YES;
				CLANG_WARN_EMPTY_BODY = YES;
				CLANG_WARN_ENUM_CONVERSION = YES;
				CLANG_WARN_INFINITE_RECURSION = YES;
				CLANG_WARN_INT_CONVERSION = YES;
				CLANG_WARN_NON_LITERAL_NULL_CONVERSION = YES;
				CLANG_WARN_OBJC_IMPLICIT_RETAIN_SELF = YES;
				CLANG_WARN_OBJC_LITERAL_CONVERSION = YES;
				CLANG_WARN_OBJC_ROOT_CLASS = YES_ERROR;
				CLANG_WARN_QUOTED_INCLUDE_IN_FRAMEWORK_HEADER = YES;
				CLANG_WARN_RANGE_LOOP_ANALYSIS = YES;
				CLANG_WARN_STRICT_PROTOTYPES = YES;
				CLANG_WARN_SUSPICIOUS_MOVE = YES;
				CLANG_WARN_UNGUARDED_AVAILABILITY = YES_AGGRESSIVE;
				CLANG_WARN_UNREACHABLE_CODE = YES;
				CLANG_WARN__DUPLICATE_METHOD_MATCH = YES;
				COPY_PHASE_STRIP = NO;
				DEBUG_INFORMATION_FORMAT = dwarf;
				ENABLE_STRICT_OBJC_MSGSEND = YES;
				ENABLE_TESTABILITY = YES;
				ENABLE_USER_SCRIPT_SANDBOXING = YES;
				GCC_C_LANGUAGE_STANDARD = gnu17;
				GCC_DYNAMIC_NO_PIC = NO;
				GCC_NO_COMMON_BLOCKS = YES;
				GCC_OPTIMIZATION_LEVEL = 0;
				GCC_PREPROCESSOR_DEFINITIONS = (
					"DEBUG=1",
					"$(inherited)",
				);
				GCC_WARN_64_TO_32_BIT_CONVERSION = YES;
				GCC_WARN_ABOUT_RETURN_TYPE = YES_ERROR;
				GCC_WARN_UNDECLARED_SELECTOR = YES;
				GCC_WARN_UNINITIALIZED_AUTOS = YES_AGGRESSIVE;
				GCC_WARN_UNUSED_FUNCTION = YES;
				GCC_WARN_UNUSED_VARIABLE = YES;
				LOCALIZATION_PREFERS_STRING_CATALOGS = YES;
				MTL_ENABLE_DEBUG_INFO = INCLUDE_SOURCE;
				MTL_FAST_MATH = YES;
				ONLY_ACTIVE_ARCH = YES;
				SWIFT_ACTIVE_COMPILATION_CONDITIONS = "DEBUG $(inherited)";
				SWIFT_OPTIMIZATION_LEVEL = "-Onone";
			};
			name = Debug;
		};
		08E9F8AB2DD1FFCD007AA7EA /* Release */ = {
			isa = XCBuildConfiguration;
			buildSettings = {
				ALWAYS_SEARCH_USER_PATHS = NO;
				ASSETCATALOG_COMPILER_GENERATE_SWIFT_ASSET_SYMBOL_EXTENSIONS = YES;
				CLANG_ANALYZER_NONNULL = YES;
				CLANG_ANALYZER_NUMBER_OBJECT_CONVERSION = YES_AGGRESSIVE;
				CLANG_CXX_LANGUAGE_STANDARD = "gnu++20";
				CLANG_ENABLE_MODULES = YES;
				CLANG_ENABLE_OBJC_ARC = YES;
				CLANG_ENABLE_OBJC_WEAK = YES;
				CLANG_WARN_BLOCK_CAPTURE_AUTORELEASING = YES;
				CLANG_WARN_BOOL_CONVERSION = YES;
				CLANG_WARN_COMMA = YES;
				CLANG_WARN_CONSTANT_CONVERSION = YES;
				CLANG_WARN_DEPRECATED_OBJC_IMPLEMENTATIONS = YES;
				CLANG_WARN_DIRECT_OBJC_ISA_USAGE = YES_ERROR;
				CLANG_WARN_DOCUMENTATION_COMMENTS = YES;
				CLANG_WARN_EMPTY_BODY = YES;
				CLANG_WARN_ENUM_CONVERSION = YES;
				CLANG_WARN_INFINITE_RECURSION = YES;
				CLANG_WARN_INT_CONVERSION = YES;
				CLANG_WARN_NON_LITERAL_NULL_CONVERSION = YES;
				CLANG_WARN_OBJC_IMPLICIT_RETAIN_SELF = YES;
				CLANG_WARN_OBJC_LITERAL_CONVERSION = YES;
				CLANG_WARN_OBJC_ROOT_CLASS = YES_ERROR;
				CLANG_WARN_QUOTED_INCLUDE_IN_FRAMEWORK_HEADER = YES;
				CLANG_WARN_RANGE_LOOP_ANALYSIS = YES;
				CLANG_WARN_STRICT_PROTOTYPES = YES;
				CLANG_WARN_SUSPICIOUS_MOVE = YES;
				CLANG_WARN_UNGUARDED_AVAILABILITY = YES_AGGRESSIVE;
				CLANG_WARN_UNREACHABLE_CODE = YES;
				CLANG_WARN__DUPLICATE_METHOD_MATCH = YES;
				COPY_PHASE_STRIP = NO;
				DEBUG_INFORMATION_FORMAT = "dwarf-with-dsym";
				ENABLE_NS_ASSERTIONS = NO;
				ENABLE_STRICT_OBJC_MSGSEND = YES;
				ENABLE_USER_SCRIPT_SANDBOXING = YES;
				GCC_C_LANGUAGE_STANDARD = gnu17;
				GCC_NO_COMMON_BLOCKS = YES;
				GCC_WARN_64_TO_32_BIT_CONVERSION = YES;
				GCC_WARN_ABOUT_RETURN_TYPE = YES_ERROR;
				GCC_WARN_UNDECLARED_SELECTOR = YES;
				GCC_WARN_UNINITIALIZED_AUTOS = YES_AGGRESSIVE;
				GCC_WARN_UNUSED_FUNCTION = YES;
				GCC_WARN_UNUSED_VARIABLE = YES;
				LOCALIZATION_PREFERS_STRING_CATALOGS = YES;
				MTL_ENABLE_DEBUG_INFO = NO;
				MTL_FAST_MATH = YES;
				SWIFT_COMPILATION_MODE = wholemodule;
			};
			name = Release;
		};
		08E9F8AD2DD1FFCD007AA7EA /* Debug */ = {
			isa = XCBuildConfiguration;
			buildSettings = {
				ASSETCATALOG_COMPILER_APPICON_NAME = AppIcon;
				ASSETCATALOG_COMPILER_GLOBAL_ACCENT_COLOR_NAME = AccentColor;
				CODE_SIGN_ENTITLEMENTS = RecipeApp/RecipeApp.entitlements;
				CODE_SIGN_STYLE = Automatic;
				CURRENT_PROJECT_VERSION = 1;
				DEVELOPMENT_ASSET_PATHS = "\"RecipeApp/Preview Content\"";
				DEVELOPMENT_TEAM = 5A6U5J7KQK;
				ENABLE_HARDENED_RUNTIME = YES;
				ENABLE_PREVIEWS = YES;
				GENERATE_INFOPLIST_FILE = YES;
				"INFOPLIST_KEY_UIApplicationSceneManifest_Generation[sdk=iphoneos*]" = YES;
				"INFOPLIST_KEY_UIApplicationSceneManifest_Generation[sdk=iphonesimulator*]" = YES;
				"INFOPLIST_KEY_UIApplicationSupportsIndirectInputEvents[sdk=iphoneos*]" = YES;
				"INFOPLIST_KEY_UIApplicationSupportsIndirectInputEvents[sdk=iphonesimulator*]" = YES;
				"INFOPLIST_KEY_UILaunchScreen_Generation[sdk=iphoneos*]" = YES;
				"INFOPLIST_KEY_UILaunchScreen_Generation[sdk=iphonesimulator*]" = YES;
				"INFOPLIST_KEY_UIStatusBarStyle[sdk=iphoneos*]" = UIStatusBarStyleDefault;
				"INFOPLIST_KEY_UIStatusBarStyle[sdk=iphonesimulator*]" = UIStatusBarStyleDefault;
				INFOPLIST_KEY_UISupportedInterfaceOrientations_iPad = "UIInterfaceOrientationPortrait UIInterfaceOrientationPortraitUpsideDown UIInterfaceOrientationLandscapeLeft UIInterfaceOrientationLandscapeRight";
				INFOPLIST_KEY_UISupportedInterfaceOrientations_iPhone = "UIInterfaceOrientationPortrait UIInterfaceOrientationLandscapeLeft UIInterfaceOrientationLandscapeRight";
				IPHONEOS_DEPLOYMENT_TARGET = 17.5;
				LD_RUNPATH_SEARCH_PATHS = "@executable_path/Frameworks";
				"LD_RUNPATH_SEARCH_PATHS[sdk=macosx*]" = "@executable_path/../Frameworks";
				MACOSX_DEPLOYMENT_TARGET = 14.2;
				MARKETING_VERSION = 1.0;
				PRODUCT_BUNDLE_IDENTIFIER = KTApps.RecipeApp;
				PRODUCT_NAME = "$(TARGET_NAME)";
				SDKROOT = auto;
				SUPPORTED_PLATFORMS = "iphoneos iphonesimulator macosx";
				SWIFT_EMIT_LOC_STRINGS = YES;
				SWIFT_VERSION = 5.0;
				TARGETED_DEVICE_FAMILY = "1,2";
			};
			name = Debug;
		};
		08E9F8AE2DD1FFCD007AA7EA /* Release */ = {
			isa = XCBuildConfiguration;
			buildSettings = {
				ASSETCATALOG_COMPILER_APPICON_NAME = AppIcon;
				ASSETCATALOG_COMPILER_GLOBAL_ACCENT_COLOR_NAME = AccentColor;
				CODE_SIGN_ENTITLEMENTS = RecipeApp/RecipeApp.entitlements;
				CODE_SIGN_STYLE = Automatic;
				CURRENT_PROJECT_VERSION = 1;
				DEVELOPMENT_ASSET_PATHS = "\"RecipeApp/Preview Content\"";
				DEVELOPMENT_TEAM = 5A6U5J7KQK;
				ENABLE_HARDENED_RUNTIME = YES;
				ENABLE_PREVIEWS = YES;
				GENERATE_INFOPLIST_FILE = YES;
				"INFOPLIST_KEY_UIApplicationSceneManifest_Generation[sdk=iphoneos*]" = YES;
				"INFOPLIST_KEY_UIApplicationSceneManifest_Generation[sdk=iphonesimulator*]" = YES;
				"INFOPLIST_KEY_UIApplicationSupportsIndirectInputEvents[sdk=iphoneos*]" = YES;
				"INFOPLIST_KEY_UIApplicationSupportsIndirectInputEvents[sdk=iphonesimulator*]" = YES;
				"INFOPLIST_KEY_UILaunchScreen_Generation[sdk=iphoneos*]" = YES;
				"INFOPLIST_KEY_UILaunchScreen_Generation[sdk=iphonesimulator*]" = YES;
				"INFOPLIST_KEY_UIStatusBarStyle[sdk=iphoneos*]" = UIStatusBarStyleDefault;
				"INFOPLIST_KEY_UIStatusBarStyle[sdk=iphonesimulator*]" = UIStatusBarStyleDefault;
				INFOPLIST_KEY_UISupportedInterfaceOrientations_iPad = "UIInterfaceOrientationPortrait UIInterfaceOrientationPortraitUpsideDown UIInterfaceOrientationLandscapeLeft UIInterfaceOrientationLandscapeRight";
				INFOPLIST_KEY_UISupportedInterfaceOrientations_iPhone = "UIInterfaceOrientationPortrait UIInterfaceOrientationLandscapeLeft UIInterfaceOrientationLandscapeRight";
				IPHONEOS_DEPLOYMENT_TARGET = 17.5;
				LD_RUNPATH_SEARCH_PATHS = "@executable_path/Frameworks";
				"LD_RUNPATH_SEARCH_PATHS[sdk=macosx*]" = "@executable_path/../Frameworks";
				MACOSX_DEPLOYMENT_TARGET = 14.2;
				MARKETING_VERSION = 1.0;
				PRODUCT_BUNDLE_IDENTIFIER = KTApps.RecipeApp;
				PRODUCT_NAME = "$(TARGET_NAME)";
				SDKROOT = auto;
				SUPPORTED_PLATFORMS = "iphoneos iphonesimulator macosx";
				SWIFT_EMIT_LOC_STRINGS = YES;
				SWIFT_VERSION = 5.0;
				TARGETED_DEVICE_FAMILY = "1,2";
			};
			name = Release;
		};
		08E9F8B02DD1FFCD007AA7EA /* Debug */ = {
			isa = XCBuildConfiguration;
			buildSettings = {
				ALWAYS_EMBED_SWIFT_STANDARD_LIBRARIES = YES;
				BUNDLE_LOADER = "$(TEST_HOST)";
				CODE_SIGN_STYLE = Automatic;
				CURRENT_PROJECT_VERSION = 1;
				DEVELOPMENT_TEAM = 5A6U5J7KQK;
				GENERATE_INFOPLIST_FILE = YES;
				IPHONEOS_DEPLOYMENT_TARGET = 17.5;
				MACOSX_DEPLOYMENT_TARGET = 14.2;
				MARKETING_VERSION = 1.0;
				PRODUCT_BUNDLE_IDENTIFIER = KTApps.RecipeAppTests;
				PRODUCT_NAME = "$(TARGET_NAME)";
				SDKROOT = auto;
				SUPPORTED_PLATFORMS = "iphoneos iphonesimulator macosx";
				SWIFT_EMIT_LOC_STRINGS = NO;
				SWIFT_VERSION = 5.0;
				TARGETED_DEVICE_FAMILY = "1,2";
				TEST_HOST = "$(BUILT_PRODUCTS_DIR)/RecipeApp.app/$(BUNDLE_EXECUTABLE_FOLDER_PATH)/RecipeApp";
			};
			name = Debug;
		};
		08E9F8B12DD1FFCD007AA7EA /* Release */ = {
			isa = XCBuildConfiguration;
			buildSettings = {
				ALWAYS_EMBED_SWIFT_STANDARD_LIBRARIES = YES;
				BUNDLE_LOADER = "$(TEST_HOST)";
				CODE_SIGN_STYLE = Automatic;
				CURRENT_PROJECT_VERSION = 1;
				DEVELOPMENT_TEAM = 5A6U5J7KQK;
				GENERATE_INFOPLIST_FILE = YES;
				IPHONEOS_DEPLOYMENT_TARGET = 17.5;
				MACOSX_DEPLOYMENT_TARGET = 14.2;
				MARKETING_VERSION = 1.0;
				PRODUCT_BUNDLE_IDENTIFIER = KTApps.RecipeAppTests;
				PRODUCT_NAME = "$(TARGET_NAME)";
				SDKROOT = auto;
				SUPPORTED_PLATFORMS = "iphoneos iphonesimulator macosx";
				SWIFT_EMIT_LOC_STRINGS = NO;
				SWIFT_VERSION = 5.0;
				TARGETED_DEVICE_FAMILY = "1,2";
				TEST_HOST = "$(BUILT_PRODUCTS_DIR)/RecipeApp.app/$(BUNDLE_EXECUTABLE_FOLDER_PATH)/RecipeApp";
			};
			name = Release;
		};
		08E9F8B32DD1FFCD007AA7EA /* Debug */ = {
			isa = XCBuildConfiguration;
			buildSettings = {
				ALWAYS_EMBED_SWIFT_STANDARD_LIBRARIES = YES;
				CODE_SIGN_STYLE = Automatic;
				CURRENT_PROJECT_VERSION = 1;
				DEVELOPMENT_TEAM = 5A6U5J7KQK;
				GENERATE_INFOPLIST_FILE = YES;
				IPHONEOS_DEPLOYMENT_TARGET = 17.5;
				MACOSX_DEPLOYMENT_TARGET = 14.2;
				MARKETING_VERSION = 1.0;
				PRODUCT_BUNDLE_IDENTIFIER = KTApps.RecipeAppUITests;
				PRODUCT_NAME = "$(TARGET_NAME)";
				SDKROOT = auto;
				SUPPORTED_PLATFORMS = "iphoneos iphonesimulator macosx";
				SWIFT_EMIT_LOC_STRINGS = NO;
				SWIFT_VERSION = 5.0;
				TARGETED_DEVICE_FAMILY = "1,2";
				TEST_TARGET_NAME = RecipeApp;
			};
			name = Debug;
		};
		08E9F8B42DD1FFCD007AA7EA /* Release */ = {
			isa = XCBuildConfiguration;
			buildSettings = {
				ALWAYS_EMBED_SWIFT_STANDARD_LIBRARIES = YES;
				CODE_SIGN_STYLE = Automatic;
				CURRENT_PROJECT_VERSION = 1;
				DEVELOPMENT_TEAM = 5A6U5J7KQK;
				GENERATE_INFOPLIST_FILE = YES;
				IPHONEOS_DEPLOYMENT_TARGET = 17.5;
				MACOSX_DEPLOYMENT_TARGET = 14.2;
				MARKETING_VERSION = 1.0;
				PRODUCT_BUNDLE_IDENTIFIER = KTApps.RecipeAppUITests;
				PRODUCT_NAME = "$(TARGET_NAME)";
				SDKROOT = auto;
				SUPPORTED_PLATFORMS = "iphoneos iphonesimulator macosx";
				SWIFT_EMIT_LOC_STRINGS = NO;
				SWIFT_VERSION = 5.0;
				TARGETED_DEVICE_FAMILY = "1,2";
				TEST_TARGET_NAME = RecipeApp;
			};
			name = Release;
		};
/* End XCBuildConfiguration section */

/* Begin XCConfigurationList section */
		08E9F8822DD1FFCB007AA7EA /* Build configuration list for PBXProject "RecipeApp" */ = {
			isa = XCConfigurationList;
			buildConfigurations = (
				08E9F8AA2DD1FFCD007AA7EA /* Debug */,
				08E9F8AB2DD1FFCD007AA7EA /* Release */,
			);
			defaultConfigurationIsVisible = 0;
			defaultConfigurationName = Release;
		};
		08E9F8AC2DD1FFCD007AA7EA /* Build configuration list for PBXNativeTarget "RecipeApp" */ = {
			isa = XCConfigurationList;
			buildConfigurations = (
				08E9F8AD2DD1FFCD007AA7EA /* Debug */,
				08E9F8AE2DD1FFCD007AA7EA /* Release */,
			);
			defaultConfigurationIsVisible = 0;
			defaultConfigurationName = Release;
		};
		08E9F8AF2DD1FFCD007AA7EA /* Build configuration list for PBXNativeTarget "RecipeAppTests" */ = {
			isa = XCConfigurationList;
			buildConfigurations = (
				08E9F8B02DD1FFCD007AA7EA /* Debug */,
				08E9F8B12DD1FFCD007AA7EA /* Release */,
			);
			defaultConfigurationIsVisible = 0;
			defaultConfigurationName = Release;
		};
		08E9F8B22DD1FFCD007AA7EA /* Build configuration list for PBXNativeTarget "RecipeAppUITests" */ = {
			isa = XCConfigurationList;
			buildConfigurations = (
				08E9F8B32DD1FFCD007AA7EA /* Debug */,
				08E9F8B42DD1FFCD007AA7EA /* Release */,
			);
			defaultConfigurationIsVisible = 0;
			defaultConfigurationName = Release;
		};
/* End XCConfigurationList section */

/* Begin XCRemoteSwiftPackageReference section */
		0844DD482DD36E2200337669 /* XCRemoteSwiftPackageReference "firebase-ios-sdk" */ = {
			isa = XCRemoteSwiftPackageReference;
			repositoryURL = "https://github.com/firebase/firebase-ios-sdk";
			requirement = {
				kind = upToNextMajorVersion;
				minimumVersion = 11.12.0;
			};
		};
/* End XCRemoteSwiftPackageReference section */

/* Begin XCSwiftPackageProductDependency section */
		0844DD7A2DD380DE00337669 /* FirebaseAuth */ = {
			isa = XCSwiftPackageProductDependency;
			package = 0844DD482DD36E2200337669 /* XCRemoteSwiftPackageReference "firebase-ios-sdk" */;
			productName = FirebaseAuth;
		};
		0844DD7C2DD380DE00337669 /* FirebaseDatabase */ = {
			isa = XCSwiftPackageProductDependency;
			package = 0844DD482DD36E2200337669 /* XCRemoteSwiftPackageReference "firebase-ios-sdk" */;
			productName = FirebaseDatabase;
		};
		0844DD7E2DD380DE00337669 /* FirebaseFirestore */ = {
			isa = XCSwiftPackageProductDependency;
			package = 0844DD482DD36E2200337669 /* XCRemoteSwiftPackageReference "firebase-ios-sdk" */;
			productName = FirebaseFirestore;
		};
/* End XCSwiftPackageProductDependency section */
	};
	rootObject = 08E9F87F2DD1FFCB007AA7EA /* Project object */;
}
